
Microsoft Visual Studio Solution File, Format Version 12.00
# Visual Studio Version 16
VisualStudioVersion = 25.0.1706.7
MinimumVisualStudioVersion = 10.0.40219.1
Project("{FAE04EC0-301F-11D3-BF4B-00C04F79EFBC}") = "SampleCode", "SampleCode\SampleCode.csproj", "{9E9EFEA1-F963-49A3-BADF-A5B01E1D633E}"
EndProject
Global
	GlobalSection(SolutionConfigurationPlatforms) = preSolution
		Debug|Any CPU = Debug|Any CPU
		Release|Any CPU = Release|Any CPU
	EndGlobalSection
	GlobalSection(ProjectConfigurationPlatforms) = postSolution
		{9E9EFEA1-F963-49A3-BADF-A5B01E1D633E}.Debug|Any CPU.ActiveCfg = Debug|Any CPU
		{9E9EFEA1-F963-49A3-BADF-A5B01E1D633E}.Debug|Any CPU.Build.0 = Debug|Any CPU
		{9E9EFEA1-F963-49A3-BADF-A5B01E1D633E}.Release|Any CPU.ActiveCfg = Release|Any CPU
		{9E9EFEA1-F963-49A3-BADF-A5B01E1D633E}.Release|Any CPU.Build.0 = Release|Any CPU
	EndGlobalSection
	GlobalSection(SolutionProperties) = preSolution
		HideSolutionNode = FALSE
	EndGlobalSection
	GlobalSection(ExtensibilityGlobals) = postSolution
		SolutionGuid = {AAA9AE1D-F3A0-43F4-A718-2903E84432F2}
	EndGlobalSection
EndGlobal
